<?xml version="1.0" encoding="utf-8"?>
<Project ToolsVersion="4.0" xmlns="http://schemas.microsoft.com/developer/msbuild/2003">
  <ItemGroup>
    <ClCompile Include="main.cpp" />
    <ClCompile Include="BiseulReadingRoomReservation.cpp">
      <Filter>Source Files</Filter>
    </ClCompile>
    <ClCompile Include="Manager.cpp">
      <Filter>Source Files</Filter>
    </ClCompile>
    <ClCompile Include="Reserver.cpp">
      <Filter>Source Files</Filter>
    </ClCompile>
    <ClCompile Include="SeatManager.cpp">
      <Filter>Source Files</Filter>
    </ClCompile>
    <ClCompile Include="TimeManager.cpp">
      <Filter>Source Files</Filter>
    </ClCompile>
    <ClCompile Include="UserManager.cpp">
      <Filter>Source Files</Filter>
    </ClCompile>
    <ClCompile Include="BiseulReadingRoomReservation_log.cpp">
      <Filter>Source Files</Filter>
    </ClCompile>
    <ClCompile Include="AdminPanel.cpp">
      <Filter>Source Files</Filter>
    </ClCompile>
    <ClCompile Include="sqlite\shell.c">
      <Filter>Source Files</Filter>
    </ClCompile>
    <ClCompile Include="sqlite\sqlite3.c">
      <Filter>Source Files</Filter>
    </ClCompile>
    <ClCompile Include="RfidPanel.cpp">
      <Filter>Source Files</Filter>
    </ClCompile>
    <ClCompile Include="RegisterPanel.cpp">
      <Filter>Source Files</Filter>
    </ClCompile>
    <ClCompile Include="DBinterface.cpp">
      <Filter>Source Files</Filter>
    </ClCompile>
    <ClCompile Include="DBsystem.cpp">
      <Filter>Source Files</Filter>
    </ClCompile>
    <ClCompile Include="SeatSave.cpp">
      <Filter>Source Files</Filter>
    </ClCompile>
    <ClCompile Include="SeatInfoPanel.cpp">
      <Filter>Source Files</Filter>
    </ClCompile>
  </ItemGroup>
  <ItemGroup>
    <QtRcc Include="BiseulReadingRoomReservation.qrc" />
  </ItemGroup>
  <ItemGroup>
    <QtUic Include="AdminPanel.ui">
      <Filter>Form Files</Filter>
    </QtUic>
    <QtUic Include="BiseulReadingRoomReservation.ui">
      <Filter>Form Files</Filter>
    </QtUic>
    <QtUic Include="RfidPanel.ui">
      <Filter>Form Files</Filter>
    </QtUic>
    <QtUic Include="RegisterPanel.ui">
      <Filter>Form Files</Filter>
    </QtUic>
    <QtUic Include="SeatInfoPanel.ui">
      <Filter>Form Files</Filter>
    </QtUic>
  </ItemGroup>
  <ItemGroup>
    <Filter Include="Source Files">
      <UniqueIdentifier>{4FC737F1-C7A5-4376-A066-2A32D752A2FF}</UniqueIdentifier>
      <Extensions>cpp;c;cc;cxx;def;odl;idl;hpj;bat;asm;asmx</Extensions>
      <ParseFiles>true</ParseFiles>
    </Filter>
    <Filter Include="Header Files">
      <UniqueIdentifier>{e0472ee3-c8a0-41ff-bb35-835847c08c6b}</UniqueIdentifier>
    </Filter>
    <Filter Include="Form Files">
      <UniqueIdentifier>{99349809-55BA-4b9d-BF79-8FDBB0286EB3}</UniqueIdentifier>
      <Extensions>ui</Extensions>
      <ParseFiles>true</ParseFiles>
    </Filter>
  </ItemGroup>
  <ItemGroup>
    <QtMoc Include="BiseulReadingRoomReservation.h">
      <Filter>Header Files</Filter>
    </QtMoc>
    <QtMoc Include="AdminPanel.h">
      <Filter>Header Files</Filter>
    </QtMoc>
    <QtMoc Include="RfidPanel.h">
      <Filter>Header Files</Filter>
    </QtMoc>
    <QtMoc Include="RegisterPanel.h">
      <Filter>Header Files</Filter>
    </QtMoc>
    <QtMoc Include="SeatInfoPanel.h">
      <Filter>Header Files</Filter>
    </QtMoc>
  </ItemGroup>
  <ItemGroup>
    <ClInclude Include="BiseulReadingRoomReservation_log.h">
      <Filter>Header Files</Filter>
    </ClInclude>
    <ClInclude Include="Manager.h">
      <Filter>Header Files</Filter>
    </ClInclude>
    <ClInclude Include="Reserver.h">
      <Filter>Header Files</Filter>
    </ClInclude>
    <ClInclude Include="SeatManager.h">
      <Filter>Header Files</Filter>
    </ClInclude>
    <ClInclude Include="TimeManager.h">
      <Filter>Header Files</Filter>
    </ClInclude>
    <ClInclude Include="UserManager.h">
      <Filter>Header Files</Filter>
    </ClInclude>
    <ClInclude Include="sqlite\sqlite3.h">
      <Filter>Header Files</Filter>
    </ClInclude>
    <ClInclude Include="DBInterface.h">
      <Filter>Header Files</Filter>
    </ClInclude>
    <ClInclude Include="DBsystem.h">
      <Filter>Header Files</Filter>
    </ClInclude>
    <ClInclude Include="SeatSave.h">
      <Filter>Header Files</Filter>
    </ClInclude>
  </ItemGroup>
  <ItemGroup>
    <None Include="ClassDiagram1.cd" />
  </ItemGroup>
</Project>